// !$*UTF8*$!
{
	archiveVersion = 1;
	classes = {
	};
	objectVersion = 77;
	objects = {

/* Begin PBXBuildFile section */
		CB9AF0A52F1CFB97002CE7F9 /* FirebaseAuth in Frameworks */ = {isa = PBXBuildFile; productRef = CB9AF0A42F1CFB97002CE7F9 /* FirebaseAuth */; };
		CB9AF0A72F1CFB97002CE7F9 /* FirebaseFirestore in Frameworks */ = {isa = PBXBuildFile; productRef = CB9AF0A62F1CFB97002CE7F9 /* FirebaseFirestore */; };
/* End PBXBuildFile section */

/* Begin PBXContainerItemProxy section */
		CBE2A0BB2EE02ACB00E6BD81 /* PBXContainerItemProxy */ = {
			isa = PBXContainerItemProxy;
			containerPortal = CBE2A0A32EE02AC200E6BD81 /* Project object */;
			proxyType = 1;
			remoteGlobalIDString = CBE2A0AA2EE02AC200E6BD81;
			remoteInfo = CoachApp;
		};
		CBE2A0C52EE02ACB00E6BD81 /* PBXContainerItemProxy */ = {
			isa = PBXContainerItemProxy;
			containerPortal = CBE2A0A32EE02AC200E6BD81 /* Project object */;
			proxyType = 1;
			remoteGlobalIDString = CBE2A0AA2EE02AC200E6BD81;
			remoteInfo = CoachApp;
		};
/* End PBXContainerItemProxy section */

/* Begin PBXFileReference section */
		CBE2A0AB2EE02AC200E6BD81 /* CoachApp.app */ = {isa = PBXFileReference; explicitFileType = wrapper.application; includeInIndex = 0; path = CoachApp.app; sourceTree = BUILT_PRODUCTS_DIR; };
		CBE2A0BA2EE02ACB00E6BD81 /* CoachAppTests.xctest */ = {isa = PBXFileReference; explicitFileType = wrapper.cfbundle; includeInIndex = 0; path = CoachAppTests.xctest; sourceTree = BUILT_PRODUCTS_DIR; };
		CBE2A0C42EE02ACB00E6BD81 /* CoachAppUITests.xctest */ = {isa = PBXFileReference; explicitFileType = wrapper.cfbundle; includeInIndex = 0; path = CoachAppUITests.xctest; sourceTree = BUILT_PRODUCTS_DIR; };
/* End PBXFileReference section */

/* Begin PBXFileSystemSynchronizedBuildFileExceptionSet section */
		CBFC13222F0BC7B300021E7B /* Exceptions for "CoachApp" folder in "CoachApp" target */ = {
			isa = PBXFileSystemSynchronizedBuildFileExceptionSet;
			membershipExceptions = (
				Info.plist,
			);
			target = CBE2A0AA2EE02AC200E6BD81 /* CoachApp */;
		};
/* End PBXFileSystemSynchronizedBuildFileExceptionSet section */

/* Begin PBXFileSystemSynchronizedRootGroup section */
		CBE2A0AD2EE02AC200E6BD81 /* CoachApp */ = {
			isa = PBXFileSystemSynchronizedRootGroup;
			exceptions = (
				CBFC13222F0BC7B300021E7B /* Exceptions for "CoachApp" folder in "CoachApp" target */,
			);
			path = CoachApp;
			sourceTree = "<group>";
		};
		CBE2A0BD2EE02ACB00E6BD81 /* CoachAppTests */ = {
			isa = PBXFileSystemSynchronizedRootGroup;
			path = CoachAppTests;
			sourceTree = "<group>";
		};
		CBE2A0C72EE02ACB00E6BD81 /* CoachAppUITests */ = {
			isa = PBXFileSystemSynchronizedRootGroup;
			path = CoachAppUITests;
			sourceTree = "<group>";
		};
/* End PBXFileSystemSynchronizedRootGroup section */

/* Begin PBXFrameworksBuildPhase section */
		CBE2A0A82EE02AC200E6BD81 /* Frameworks */ = {
			isa = PBXFrameworksBuildPhase;
			buildActionMask = 2147483647;
			files = (
				CB9AF0A52F1CFB97002CE7F9 /* FirebaseAuth in Frameworks */,
				CB9AF0A72F1CFB97002CE7F9 /* FirebaseFirestore in Frameworks */,
			);
			runOnlyForDeploymentPostprocessing = 0;
		};
		CBE2A0B72EE02ACB00E6BD81 /* Frameworks */ = {
			isa = PBXFrameworksBuildPhase;
			buildActionMask = 2147483647;
			files = (
			);
			runOnlyForDeploymentPostprocessing = 0;
		};
		CBE2A0C12EE02ACB00E6BD81 /* Frameworks */ = {
			isa = PBXFrameworksBuildPhase;
			buildActionMask = 2147483647;
			files = (
			);
			runOnlyForDeploymentPostprocessing = 0;
		};
/* End PBXFrameworksBuildPhase section */

/* Begin PBXGroup section */
		CBE2A0A22EE02AC200E6BD81 = {
			isa = PBXGroup;
			children = (
				CBE2A0AD2EE02AC200E6BD81 /* CoachApp */,
				CBE2A0BD2EE02ACB00E6BD81 /* CoachAppTests */,
				CBE2A0C72EE02ACB00E6BD81 /* CoachAppUITests */,
				CBE2A0AC2EE02AC200E6BD81 /* Products */,
			);
			sourceTree = "<group>";
		};
		CBE2A0AC2EE02AC200E6BD81 /* Products */ = {
			isa = PBXGroup;
			children = (
				CBE2A0AB2EE02AC200E6BD81 /* CoachApp.app */,
				CBE2A0BA2EE02ACB00E6BD81 /* CoachAppTests.xctest */,
				CBE2A0C42EE02ACB00E6BD81 /* CoachAppUITests.xctest */,
			);
			name = Products;
			sourceTree = "<group>";
		};
/* End PBXGroup section */

/* Begin PBXNativeTarget section */
		CBE2A0AA2EE02AC200E6BD81 /* CoachApp */ = {
			isa = PBXNativeTarget;
			buildConfigurationList = CBE2A0CE2EE02ACB00E6BD81 /* Build configuration list for PBXNativeTarget "CoachApp" */;
			buildPhases = (
				CBE2A0A72EE02AC200E6BD81 /* Sources */,
				CBE2A0A82EE02AC200E6BD81 /* Frameworks */,
				CBE2A0A92EE02AC200E6BD81 /* Resources */,
			);
			buildRules = (
			);
			dependencies = (
			);
			fileSystemSynchronizedGroups = (
				CBE2A0AD2EE02AC200E6BD81 /* CoachApp */,
			);
			name = CoachApp;
			packageProductDependencies = (
				CB9AF0A42F1CFB97002CE7F9 /* FirebaseAuth */,
				CB9AF0A62F1CFB97002CE7F9 /* FirebaseFirestore */,
			);
			productName = CoachApp;
			productReference = CBE2A0AB2EE02AC200E6BD81 /* CoachApp.app */;
			productType = "com.apple.product-type.application";
		};
		CBE2A0B92EE02ACB00E6BD81 /* CoachAppTests */ = {
			isa = PBXNativeTarget;
			buildConfigurationList = CBE2A0D12EE02ACB00E6BD81 /* Build configuration list for PBXNativeTarget "CoachAppTests" */;
			buildPhases = (
				CBE2A0B62EE02ACB00E6BD81 /* Sources */,
				CBE2A0B72EE02ACB00E6BD81 /* Frameworks */,
				CBE2A0B82EE02ACB00E6BD81 /* Resources */,
			);
			buildRules = (
			);
			dependencies = (
				CBE2A0BC2EE02ACB00E6BD81 /* PBXTargetDependency */,
			);
			fileSystemSynchronizedGroups = (
				CBE2A0BD2EE02ACB00E6BD81 /* CoachAppTests */,
			);
			name = CoachAppTests;
			packageProductDependencies = (
			);
			productName = CoachAppTests;
			productReference = CBE2A0BA2EE02ACB00E6BD81 /* CoachAppTests.xctest */;
			productType = "com.apple.product-type.bundle.unit-test";
		};
		CBE2A0C32EE02ACB00E6BD81 /* CoachAppUITests */ = {
			isa = PBXNativeTarget;
			buildConfigurationList = CBE2A0D42EE02ACB00E6BD81 /* Build configuration list for PBXNativeTarget "CoachAppUITests" */;
			buildPhases = (
				CBE2A0C02EE02ACB00E6BD81 /* Sources */,
				CBE2A0C12EE02ACB00E6BD81 /* Frameworks */,
				CBE2A0C22EE02ACB00E6BD81 /* Resources */,
			);
			buildRules = (
			);
			dependencies = (
				CBE2A0C62EE02ACB00E6BD81 /* PBXTargetDependency */,
			);
			fileSystemSynchronizedGroups = (
				CBE2A0C72EE02ACB00E6BD81 /* CoachAppUITests */,
			);
			name = CoachAppUITests;
			packageProductDependencies = (
			);
			productName = CoachAppUITests;
			productReference = CBE2A0C42EE02ACB00E6BD81 /* CoachAppUITests.xctest */;
			productType = "com.apple.product-type.bundle.ui-testing";
		};
/* End PBXNativeTarget section */

/* Begin PBXProject section */
		CBE2A0A32EE02AC200E6BD81 /* Project object */ = {
			isa = PBXProject;
			attributes = {
				BuildIndependentTargetsInParallel = 1;
				LastSwiftUpdateCheck = 2610;
				LastUpgradeCheck = 2610;
				TargetAttributes = {
					CBE2A0AA2EE02AC200E6BD81 = {
						CreatedOnToolsVersion = 26.1;
					};
					CBE2A0B92EE02ACB00E6BD81 = {
						CreatedOnToolsVersion = 26.1;
						TestTargetID = CBE2A0AA2EE02AC200E6BD81;
					};
					CBE2A0C32EE02ACB00E6BD81 = {
						CreatedOnToolsVersion = 26.1;
						TestTargetID = CBE2A0AA2EE02AC200E6BD81;
					};
				};
			};
			buildConfigurationList = CBE2A0A62EE02AC200E6BD81 /* Build configuration list for PBXProject "CoachApp" */;
			developmentRegion = en;
			hasScannedForEncodings = 0;
			knownRegions = (
				en,
				Base,
				ar,
			);
			mainGroup = CBE2A0A22EE02AC200E6BD81;
			minimizedProjectReferenceProxies = 1;
			packageReferences = (
				CB9AF0A32F1CFB97002CE7F9 /* XCRemoteSwiftPackageReference "firebase-ios-sdk" */,
			);
			preferredProjectObjectVersion = 77;
			productRefGroup = CBE2A0AC2EE02AC200E6BD81 /* Products */;
			projectDirPath = "";
			projectRoot = "";
			targets = (
				CBE2A0AA2EE02AC200E6BD81 /* CoachApp */,
				CBE2A0B92EE02ACB00E6BD81 /* CoachAppTests */,
				CBE2A0C32EE02ACB00E6BD81 /* CoachAppUITests */,
			);
		};
/* End PBXProject section */

/* Begin PBXResourcesBuildPhase section */
		CBE2A0A92EE02AC200E6BD81 /* Resources */ = {
			isa = PBXResourcesBuildPhase;
			buildActionMask = 2147483647;
			files = (
			);
			runOnlyForDeploymentPostprocessing = 0;
		};
		CBE2A0B82EE02ACB00E6BD81 /* Resources */ = {
			isa = PBXResourcesBuildPhase;
			buildActionMask = 2147483647;
			files = (
			);
			runOnlyForDeploymentPostprocessing = 0;
		};
		CBE2A0C22EE02ACB00E6BD81 /* Resources */ = {
			isa = PBXResourcesBuildPhase;
			buildActionMask = 2147483647;
			files = (
			);
			runOnlyForDeploymentPostprocessing = 0;
		};
/* End PBXResourcesBuildPhase section */

/* Begin PBXSourcesBuildPhase section */
		CBE2A0A72EE02AC200E6BD81 /* Sources */ = {
			isa = PBXSourcesBuildPhase;
			buildActionMask = 2147483647;
			files = (
			);
			runOnlyForDeploymentPostprocessing = 0;
		};
		CBE2A0B62EE02ACB00E6BD81 /* Sources */ = {
			isa = PBXSourcesBuildPhase;
			buildActionMask = 2147483647;
			files = (
			);
			runOnlyForDeploymentPostprocessing = 0;
		};
		CBE2A0C02EE02ACB00E6BD81 /* Sources */ = {
			isa = PBXSourcesBuildPhase;
			buildActionMask = 2147483647;
			files = (
			);
			runOnlyForDeploymentPostprocessing = 0;
		};
/* End PBXSourcesBuildPhase section */

/* Begin PBXTargetDependency section */
		CBE2A0BC2EE02ACB00E6BD81 /* PBXTargetDependency */ = {
			isa = PBXTargetDependency;
			target = CBE2A0AA2EE02AC200E6BD81 /* CoachApp */;
			targetProxy = CBE2A0BB2EE02ACB00E6BD81 /* PBXContainerItemProxy */;
		};
		CBE2A0C62EE02ACB00E6BD81 /* PBXTargetDependency */ = {
			isa = PBXTargetDependency;
			target = CBE2A0AA2EE02AC200E6BD81 /* CoachApp */;
			targetProxy = CBE2A0C52EE02ACB00E6BD81 /* PBXContainerItemProxy */;
		};
/* End PBXTargetDependency section */

/* Begin XCBuildConfiguration section */
		CBE2A0CC2EE02ACB00E6BD81 /* Debug */ = {
			isa = XCBuildConfiguration;
			buildSettings = {
				ALWAYS_SEARCH_USER_PATHS = NO;
				ASSETCATALOG_COMPILER_GENERATE_SWIFT_ASSET_SYMBOL_EXTENSIONS = YES;
				CLANG_ANALYZER_NONNULL = YES;
				CLANG_ANALYZER_NUMBER_OBJECT_CONVERSION = YES_AGGRESSIVE;
				CLANG_CXX_LANGUAGE_STANDARD = "gnu++20";
				CLANG_ENABLE_MODULES = YES;
				CLANG_ENABLE_OBJC_ARC = YES;
				CLANG_ENABLE_OBJC_WEAK = YES;
				CLANG_WARN_BLOCK_CAPTURE_AUTORELEASING = YES;
				CLANG_WARN_BOOL_CONVERSION = YES;
				CLANG_WARN_COMMA = YES;
				CLANG_WARN_CONSTANT_CONVERSION = YES;
				CLANG_WARN_DEPRECATED_OBJC_IMPLEMENTATIONS = YES;
				CLANG_WARN_DIRECT_OBJC_ISA_USAGE = YES_ERROR;
				CLANG_WARN_DOCUMENTATION_COMMENTS = YES;
				CLANG_WARN_EMPTY_BODY = YES;
				CLANG_WARN_ENUM_CONVERSION = YES;
				CLANG_WARN_INFINITE_RECURSION = YES;
				CLANG_WARN_INT_CONVERSION = YES;
				CLANG_WARN_NON_LITERAL_NULL_CONVERSION = YES;
				CLANG_WARN_OBJC_IMPLICIT_RETAIN_SELF = YES;
				CLANG_WARN_OBJC_LITERAL_CONVERSION = YES;
				CLANG_WARN_OBJC_ROOT_CLASS = YES_ERROR;
				CLANG_WARN_QUOTED_INCLUDE_IN_FRAMEWORK_HEADER = YES;
				CLANG_WARN_RANGE_LOOP_ANALYSIS = YES;
				CLANG_WARN_STRICT_PROTOTYPES = YES;
				CLANG_WARN_SUSPICIOUS_MOVE = YES;
				CLANG_WARN_UNGUARDED_AVAILABILITY = YES_AGGRESSIVE;
				CLANG_WARN_UNREACHABLE_CODE = YES;
				CLANG_WARN__DUPLICATE_METHOD_MATCH = YES;
				COPY_PHASE_STRIP = NO;
				DEBUG_INFORMATION_FORMAT = dwarf;
				DEVELOPMENT_TEAM = K68WL5DJCM;
				ENABLE_STRICT_OBJC_MSGSEND = YES;
				ENABLE_TESTABILITY = YES;
				ENABLE_USER_SCRIPT_SANDBOXING = YES;
				GCC_C_LANGUAGE_STANDARD = gnu17;
				GCC_DYNAMIC_NO_PIC = NO;
				GCC_NO_COMMON_BLOCKS = YES;
				GCC_OPTIMIZATION_LEVEL = 0;
				GCC_PREPROCESSOR_DEFINITIONS = (
					"DEBUG=1",
					"$(inherited)",
				);
				GCC_WARN_64_TO_32_BIT_CONVERSION = YES;
				GCC_WARN_ABOUT_RETURN_TYPE = YES_ERROR;
				GCC_WARN_UNDECLARED_SELECTOR = YES;
				GCC_WARN_UNINITIALIZED_AUTOS = YES_AGGRESSIVE;
				GCC_WARN_UNUSED_FUNCTION = YES;
				GCC_WARN_UNUSED_VARIABLE = YES;
				LOCALIZATION_PREFERS_STRING_CATALOGS = YES;
				MTL_ENABLE_DEBUG_INFO = INCLUDE_SOURCE;
				MTL_FAST_MATH = YES;
				ONLY_ACTIVE_ARCH = YES;
				SWIFT_ACTIVE_COMPILATION_CONDITIONS = "DEBUG $(inherited)";
				SWIFT_OPTIMIZATION_LEVEL = "-Onone";
			};
			name = Debug;
		};
		CBE2A0CD2EE02ACB00E6BD81 /* Release */ = {
			isa = XCBuildConfiguration;
			buildSettings = {
				ALWAYS_SEARCH_USER_PATHS = NO;
				ASSETCATALOG_COMPILER_GENERATE_SWIFT_ASSET_SYMBOL_EXTENSIONS = YES;
				CLANG_ANALYZER_NONNULL = YES;
				CLANG_ANALYZER_NUMBER_OBJECT_CONVERSION = YES_AGGRESSIVE;
				CLANG_CXX_LANGUAGE_STANDARD = "gnu++20";
				CLANG_ENABLE_MODULES = YES;
				CLANG_ENABLE_OBJC_ARC = YES;
				CLANG_ENABLE_OBJC_WEAK = YES;
				CLANG_WARN_BLOCK_CAPTURE_AUTORELEASING = YES;
				CLANG_WARN_BOOL_CONVERSION = YES;
				CLANG_WARN_COMMA = YES;
				CLANG_WARN_CONSTANT_CONVERSION = YES;
				CLANG_WARN_DEPRECATED_OBJC_IMPLEMENTATIONS = YES;
				CLANG_WARN_DIRECT_OBJC_ISA_USAGE = YES_ERROR;
				CLANG_WARN_DOCUMENTATION_COMMENTS = YES;
				CLANG_WARN_EMPTY_BODY = YES;
				CLANG_WARN_ENUM_CONVERSION = YES;
				CLANG_WARN_INFINITE_RECURSION = YES;
				CLANG_WARN_INT_CONVERSION = YES;
				CLANG_WARN_NON_LITERAL_NULL_CONVERSION = YES;
				CLANG_WARN_OBJC_IMPLICIT_RETAIN_SELF = YES;
				CLANG_WARN_OBJC_LITERAL_CONVERSION = YES;
				CLANG_WARN_OBJC_ROOT_CLASS = YES_ERROR;
				CLANG_WARN_QUOTED_INCLUDE_IN_FRAMEWORK_HEADER = YES;
				CLANG_WARN_RANGE_LOOP_ANALYSIS = YES;
				CLANG_WARN_STRICT_PROTOTYPES = YES;
				CLANG_WARN_SUSPICIOUS_MOVE = YES;
				CLANG_WARN_UNGUARDED_AVAILABILITY = YES_AGGRESSIVE;
				CLANG_WARN_UNREACHABLE_CODE = YES;
				CLANG_WARN__DUPLICATE_METHOD_MATCH = YES;
				COPY_PHASE_STRIP = NO;
				DEBUG_INFORMATION_FORMAT = "dwarf-with-dsym";
				DEVELOPMENT_TEAM = K68WL5DJCM;
				ENABLE_NS_ASSERTIONS = NO;
				ENABLE_STRICT_OBJC_MSGSEND = YES;
				ENABLE_USER_SCRIPT_SANDBOXING = YES;
				GCC_C_LANGUAGE_STANDARD = gnu17;
				GCC_NO_COMMON_BLOCKS = YES;
				GCC_WARN_64_TO_32_BIT_CONVERSION = YES;
				GCC_WARN_ABOUT_RETURN_TYPE = YES_ERROR;
				GCC_WARN_UNDECLARED_SELECTOR = YES;
				GCC_WARN_UNINITIALIZED_AUTOS = YES_AGGRESSIVE;
				GCC_WARN_UNUSED_FUNCTION = YES;
				GCC_WARN_UNUSED_VARIABLE = YES;
				LOCALIZATION_PREFERS_STRING_CATALOGS = YES;
				MTL_ENABLE_DEBUG_INFO = NO;
				MTL_FAST_MATH = YES;
				SWIFT_COMPILATION_MODE = wholemodule;
			};
			name = Release;
		};
		CBE2A0CF2EE02ACB00E6BD81 /* Debug */ = {
			isa = XCBuildConfiguration;
			buildSettings = {
				ASSETCATALOG_COMPILER_APPICON_NAME = AppIcon;
				ASSETCATALOG_COMPILER_GLOBAL_ACCENT_COLOR_NAME = AccentColor;
				CODE_SIGN_ALLOW_ENTITLEMENTS_MODIFICATION = YES;
				CODE_SIGN_ENTITLEMENTS = CoachApp/CoachApp.entitlements;
				CODE_SIGN_IDENTITY = "Apple Development";
				"CODE_SIGN_IDENTITY[sdk=iphoneos*]" = "iPhone Distribution";
				CODE_SIGN_STYLE = Manual;
				CURRENT_PROJECT_VERSION = 1;
				DEVELOPMENT_TEAM = "";
				"DEVELOPMENT_TEAM[sdk=iphoneos*]" = SBL65MNY44;
				ENABLE_APP_SANDBOX = YES;
				ENABLE_HARDENED_RUNTIME = YES;
				ENABLE_PREVIEWS = YES;
				ENABLE_USER_SELECTED_FILES = readonly;
				GENERATE_INFOPLIST_FILE = YES;
				INFOPLIST_FILE = CoachApp/Info.plist;
				INFOPLIST_KEY_CFBundleDisplayName = "Fit Fast";
				INFOPLIST_KEY_NSPhotoLibraryAddUsageDescription = "This app needs access to save training course images to your photo library.";
				"INFOPLIST_KEY_NSPhotoLibraryAddUsageDescription[sdk=iphoneos*]" = "This app needs access to save training course images to your photo library.";
				"INFOPLIST_KEY_NSPhotoLibraryAddUsageDescription[sdk=iphonesimulator*]" = "This app needs access to save training course images to your photo library.";
				"INFOPLIST_KEY_UIApplicationSceneManifest_Generation[sdk=iphoneos*]" = YES;
				"INFOPLIST_KEY_UIApplicationSceneManifest_Generation[sdk=iphonesimulator*]" = YES;
				"INFOPLIST_KEY_UIApplicationSupportsIndirectInputEvents[sdk=iphoneos*]" = YES;
				"INFOPLIST_KEY_UIApplicationSupportsIndirectInputEvents[sdk=iphonesimulator*]" = YES;
				INFOPLIST_KEY_UIBackgroundModes = "remote-notification";
				"INFOPLIST_KEY_UILaunchScreen_Generation[sdk=iphoneos*]" = YES;
				"INFOPLIST_KEY_UILaunchScreen_Generation[sdk=iphonesimulator*]" = YES;
				"INFOPLIST_KEY_UIStatusBarStyle[sdk=iphoneos*]" = UIStatusBarStyleDefault;
				"INFOPLIST_KEY_UIStatusBarStyle[sdk=iphonesimulator*]" = UIStatusBarStyleDefault;
				INFOPLIST_KEY_UISupportedInterfaceOrientations_iPad = "UIInterfaceOrientationPortrait UIInterfaceOrientationPortraitUpsideDown UIInterfaceOrientationLandscapeLeft UIInterfaceOrientationLandscapeRight";
				INFOPLIST_KEY_UISupportedInterfaceOrientations_iPhone = "UIInterfaceOrientationPortrait UIInterfaceOrientationLandscapeLeft UIInterfaceOrientationLandscapeRight";
				IPHONEOS_DEPLOYMENT_TARGET = 17.0;
				LD_RUNPATH_SEARCH_PATHS = "@executable_path/Frameworks";
				"LD_RUNPATH_SEARCH_PATHS[sdk=macosx*]" = "@executable_path/../Frameworks";
				MACOSX_DEPLOYMENT_TARGET = 26.1;
				MARKETING_VERSION = 1.0.1;
				PRODUCT_BUNDLE_IDENTIFIER = com.zaid.FitFast;
				PRODUCT_NAME = "$(TARGET_NAME)";
				PROVISIONING_PROFILE_SPECIFIER = "";
				"PROVISIONING_PROFILE_SPECIFIER[sdk=iphoneos*]" = 112233;
				REGISTER_APP_GROUPS = YES;
				SDKROOT = auto;
				STRING_CATALOG_GENERATE_SYMBOLS = YES;
				SUPPORTED_PLATFORMS = "iphoneos iphonesimulator macosx xros xrsimulator";
				SWIFT_APPROACHABLE_CONCURRENCY = YES;
				SWIFT_DEFAULT_ACTOR_ISOLATION = MainActor;
				SWIFT_EMIT_LOC_STRINGS = YES;
				SWIFT_UPCOMING_FEATURE_MEMBER_IMPORT_VISIBILITY = YES;
				SWIFT_VERSION = 5.0;
				TARGETED_DEVICE_FAMILY = "1,2,7";
				XROS_DEPLOYMENT_TARGET = 26.1;
			};
			name = Debug;
		};
		CBE2A0D02EE02ACB00E6BD81 /* Release */ = {
			isa = XCBuildConfiguration;
			buildSettings = {
				ASSETCATALOG_COMPILER_APPICON_NAME = AppIcon;
				ASSETCATALOG_COMPILER_GLOBAL_ACCENT_COLOR_NAME = AccentColor;
				CODE_SIGN_ALLOW_ENTITLEMENTS_MODIFICATION = YES;
				CODE_SIGN_ENTITLEMENTS = CoachApp/CoachApp.entitlements;
				CODE_SIGN_IDENTITY = "Apple Development";
				"CODE_SIGN_IDENTITY[sdk=iphoneos*]" = "iPhone Distribution";
				CODE_SIGN_STYLE = Manual;
				CURRENT_PROJECT_VERSION = 1;
				DEVELOPMENT_TEAM = "";
				"DEVELOPMENT_TEAM[sdk=iphoneos*]" = SBL65MNY44;
				ENABLE_APP_SANDBOX = YES;
				ENABLE_HARDENED_RUNTIME = YES;
				ENABLE_PREVIEWS = YES;
				ENABLE_USER_SELECTED_FILES = readonly;
				GENERATE_INFOPLIST_FILE = YES;
				INFOPLIST_FILE = CoachApp/Info.plist;
				INFOPLIST_KEY_CFBundleDisplayName = "Fit Fast";
				INFOPLIST_KEY_NSPhotoLibraryAddUsageDescription = "This app needs access to save training course images to your photo library.";
				"INFOPLIST_KEY_NSPhotoLibraryAddUsageDescription[sdk=iphoneos*]" = "This app needs access to save training course images to your photo library.";
				"INFOPLIST_KEY_NSPhotoLibraryAddUsageDescription[sdk=iphonesimulator*]" = "This app needs access to save training course images to your photo library.";
				"INFOPLIST_KEY_UIApplicationSceneManifest_Generation[sdk=iphoneos*]" = YES;
				"INFOPLIST_KEY_UIApplicationSceneManifest_Generation[sdk=iphonesimulator*]" = YES;
				"INFOPLIST_KEY_UIApplicationSupportsIndirectInputEvents[sdk=iphoneos*]" = YES;
				"INFOPLIST_KEY_UIApplicationSupportsIndirectInputEvents[sdk=iphonesimulator*]" = YES;
				INFOPLIST_KEY_UIBackgroundModes = "remote-notification";
				"INFOPLIST_KEY_UILaunchScreen_Generation[sdk=iphoneos*]" = YES;
				"INFOPLIST_KEY_UILaunchScreen_Generation[sdk=iphonesimulator*]" = YES;
				"INFOPLIST_KEY_UIStatusBarStyle[sdk=iphoneos*]" = UIStatusBarStyleDefault;
				"INFOPLIST_KEY_UIStatusBarStyle[sdk=iphonesimulator*]" = UIStatusBarStyleDefault;
				INFOPLIST_KEY_UISupportedInterfaceOrientations_iPad = "UIInterfaceOrientationPortrait UIInterfaceOrientationPortraitUpsideDown UIInterfaceOrientationLandscapeLeft UIInterfaceOrientationLandscapeRight";
				INFOPLIST_KEY_UISupportedInterfaceOrientations_iPhone = "UIInterfaceOrientationPortrait UIInterfaceOrientationLandscapeLeft UIInterfaceOrientationLandscapeRight";
				IPHONEOS_DEPLOYMENT_TARGET = 17.0;
				LD_RUNPATH_SEARCH_PATHS = "@executable_path/Frameworks";
				"LD_RUNPATH_SEARCH_PATHS[sdk=macosx*]" = "@executable_path/../Frameworks";
				MACOSX_DEPLOYMENT_TARGET = 26.1;
				MARKETING_VERSION = 1.0.1;
				PRODUCT_BUNDLE_IDENTIFIER = com.zaid.FitFast;
				PRODUCT_NAME = "$(TARGET_NAME)";
				PROVISIONING_PROFILE_SPECIFIER = "";
				"PROVISIONING_PROFILE_SPECIFIER[sdk=iphoneos*]" = 112233;
				REGISTER_APP_GROUPS = YES;
				SDKROOT = auto;
				STRING_CATALOG_GENERATE_SYMBOLS = YES;
				SUPPORTED_PLATFORMS = "iphoneos iphonesimulator macosx xros xrsimulator";
				SWIFT_APPROACHABLE_CONCURRENCY = YES;
				SWIFT_DEFAULT_ACTOR_ISOLATION = MainActor;
				SWIFT_EMIT_LOC_STRINGS = YES;
				SWIFT_UPCOMING_FEATURE_MEMBER_IMPORT_VISIBILITY = YES;
				SWIFT_VERSION = 5.0;
				TARGETED_DEVICE_FAMILY = "1,2,7";
				XROS_DEPLOYMENT_TARGET = 26.1;
			};
			name = Release;
		};
		CBE2A0D22EE02ACB00E6BD81 /* Debug */ = {
			isa = XCBuildConfiguration;
			buildSettings = {
				BUNDLE_LOADER = "$(TEST_HOST)";
				CODE_SIGN_STYLE = Automatic;
				CURRENT_PROJECT_VERSION = 1;
				DEVELOPMENT_TEAM = K68WL5DJCM;
				GENERATE_INFOPLIST_FILE = YES;
				IPHONEOS_DEPLOYMENT_TARGET = 17.0;
				MACOSX_DEPLOYMENT_TARGET = 26.1;
				MARKETING_VERSION = 1.0;
				PRODUCT_BUNDLE_IDENTIFIER = zaid.CoachAppTests;
				PRODUCT_NAME = "$(TARGET_NAME)";
				SDKROOT = auto;
				STRING_CATALOG_GENERATE_SYMBOLS = NO;
				SUPPORTED_PLATFORMS = "iphoneos iphonesimulator macosx xros xrsimulator";
				SWIFT_APPROACHABLE_CONCURRENCY = YES;
				SWIFT_EMIT_LOC_STRINGS = NO;
				SWIFT_UPCOMING_FEATURE_MEMBER_IMPORT_VISIBILITY = YES;
				SWIFT_VERSION = 5.0;
				TARGETED_DEVICE_FAMILY = "1,2,7";
				TEST_HOST = "$(BUILT_PRODUCTS_DIR)/CoachApp.app/$(BUNDLE_EXECUTABLE_FOLDER_PATH)/CoachApp";
				XROS_DEPLOYMENT_TARGET = 26.1;
			};
			name = Debug;
		};
		CBE2A0D32EE02ACB00E6BD81 /* Release */ = {
			isa = XCBuildConfiguration;
			buildSettings = {
				BUNDLE_LOADER = "$(TEST_HOST)";
				CODE_SIGN_STYLE = Automatic;
				CURRENT_PROJECT_VERSION = 1;
				DEVELOPMENT_TEAM = K68WL5DJCM;
				GENERATE_INFOPLIST_FILE = YES;
				IPHONEOS_DEPLOYMENT_TARGET = 17.0;
				MACOSX_DEPLOYMENT_TARGET = 26.1;
				MARKETING_VERSION = 1.0;
				PRODUCT_BUNDLE_IDENTIFIER = zaid.CoachAppTests;
				PRODUCT_NAME = "$(TARGET_NAME)";
				SDKROOT = auto;
				STRING_CATALOG_GENERATE_SYMBOLS = NO;
				SUPPORTED_PLATFORMS = "iphoneos iphonesimulator macosx xros xrsimulator";
				SWIFT_APPROACHABLE_CONCURRENCY = YES;
				SWIFT_EMIT_LOC_STRINGS = NO;
				SWIFT_UPCOMING_FEATURE_MEMBER_IMPORT_VISIBILITY = YES;
				SWIFT_VERSION = 5.0;
				TARGETED_DEVICE_FAMILY = "1,2,7";
				TEST_HOST = "$(BUILT_PRODUCTS_DIR)/CoachApp.app/$(BUNDLE_EXECUTABLE_FOLDER_PATH)/CoachApp";
				XROS_DEPLOYMENT_TARGET = 26.1;
			};
			name = Release;
		};
		CBE2A0D52EE02ACB00E6BD81 /* Debug */ = {
			isa = XCBuildConfiguration;
			buildSettings = {
				CODE_SIGN_STYLE = Automatic;
				CURRENT_PROJECT_VERSION = 1;
				DEVELOPMENT_TEAM = K68WL5DJCM;
				GENERATE_INFOPLIST_FILE = YES;
				IPHONEOS_DEPLOYMENT_TARGET = 17.0;
				MACOSX_DEPLOYMENT_TARGET = 26.1;
				MARKETING_VERSION = 1.0;
				PRODUCT_BUNDLE_IDENTIFIER = zaid.CoachAppUITests;
				PRODUCT_NAME = "$(TARGET_NAME)";
				SDKROOT = auto;
				STRING_CATALOG_GENERATE_SYMBOLS = NO;
				SUPPORTED_PLATFORMS = "iphoneos iphonesimulator macosx xros xrsimulator";
				SWIFT_APPROACHABLE_CONCURRENCY = YES;
				SWIFT_EMIT_LOC_STRINGS = NO;
				SWIFT_UPCOMING_FEATURE_MEMBER_IMPORT_VISIBILITY = YES;
				SWIFT_VERSION = 5.0;
				TARGETED_DEVICE_FAMILY = "1,2,7";
				TEST_TARGET_NAME = CoachApp;
				XROS_DEPLOYMENT_TARGET = 26.1;
			};
			name = Debug;
		};
		CBE2A0D62EE02ACB00E6BD81 /* Release */ = {
			isa = XCBuildConfiguration;
			buildSettings = {
				CODE_SIGN_STYLE = Automatic;
				CURRENT_PROJECT_VERSION = 1;
				DEVELOPMENT_TEAM = K68WL5DJCM;
				GENERATE_INFOPLIST_FILE = YES;
				IPHONEOS_DEPLOYMENT_TARGET = 17.0;
				MACOSX_DEPLOYMENT_TARGET = 26.1;
				MARKETING_VERSION = 1.0;
				PRODUCT_BUNDLE_IDENTIFIER = zaid.CoachAppUITests;
				PRODUCT_NAME = "$(TARGET_NAME)";
				SDKROOT = auto;
				STRING_CATALOG_GENERATE_SYMBOLS = NO;
				SUPPORTED_PLATFORMS = "iphoneos iphonesimulator macosx xros xrsimulator";
				SWIFT_APPROACHABLE_CONCURRENCY = YES;
				SWIFT_EMIT_LOC_STRINGS = NO;
				SWIFT_UPCOMING_FEATURE_MEMBER_IMPORT_VISIBILITY = YES;
				SWIFT_VERSION = 5.0;
				TARGETED_DEVICE_FAMILY = "1,2,7";
				TEST_TARGET_NAME = CoachApp;
				XROS_DEPLOYMENT_TARGET = 26.1;
			};
			name = Release;
		};
/* End XCBuildConfiguration section */

/* Begin XCConfigurationList section */
		CBE2A0A62EE02AC200E6BD81 /* Build configuration list for PBXProject "CoachApp" */ = {
			isa = XCConfigurationList;
			buildConfigurations = (
				CBE2A0CC2EE02ACB00E6BD81 /* Debug */,
				CBE2A0CD2EE02ACB00E6BD81 /* Release */,
			);
			defaultConfigurationIsVisible = 0;
			defaultConfigurationName = Release;
		};
		CBE2A0CE2EE02ACB00E6BD81 /* Build configuration list for PBXNativeTarget "CoachApp" */ = {
			isa = XCConfigurationList;
			buildConfigurations = (
				CBE2A0CF2EE02ACB00E6BD81 /* Debug */,
				CBE2A0D02EE02ACB00E6BD81 /* Release */,
			);
			defaultConfigurationIsVisible = 0;
			defaultConfigurationName = Release;
		};
		CBE2A0D12EE02ACB00E6BD81 /* Build configuration list for PBXNativeTarget "CoachAppTests" */ = {
			isa = XCConfigurationList;
			buildConfigurations = (
				CBE2A0D22EE02ACB00E6BD81 /* Debug */,
				CBE2A0D32EE02ACB00E6BD81 /* Release */,
			);
			defaultConfigurationIsVisible = 0;
			defaultConfigurationName = Release;
		};
		CBE2A0D42EE02ACB00E6BD81 /* Build configuration list for PBXNativeTarget "CoachAppUITests" */ = {
			isa = XCConfigurationList;
			buildConfigurations = (
				CBE2A0D52EE02ACB00E6BD81 /* Debug */,
				CBE2A0D62EE02ACB00E6BD81 /* Release */,
			);
			defaultConfigurationIsVisible = 0;
			defaultConfigurationName = Release;
		};
/* End XCConfigurationList section */

/* Begin XCRemoteSwiftPackageReference section */
		CB9AF0A32F1CFB97002CE7F9 /* XCRemoteSwiftPackageReference "firebase-ios-sdk" */ = {
			isa = XCRemoteSwiftPackageReference;
			repositoryURL = "https://github.com/firebase/firebase-ios-sdk.git";
			requirement = {
				kind = upToNextMajorVersion;
				minimumVersion = 12.8.0;
			};
		};
/* End XCRemoteSwiftPackageReference section */

/* Begin XCSwiftPackageProductDependency section */
		CB9AF0A42F1CFB97002CE7F9 /* FirebaseAuth */ = {
			isa = XCSwiftPackageProductDependency;
			package = CB9AF0A32F1CFB97002CE7F9 /* XCRemoteSwiftPackageReference "firebase-ios-sdk" */;
			productName = FirebaseAuth;
		};
		CB9AF0A62F1CFB97002CE7F9 /* FirebaseFirestore */ = {
			isa = XCSwiftPackageProductDependency;
			package = CB9AF0A32F1CFB97002CE7F9 /* XCRemoteSwiftPackageReference "firebase-ios-sdk" */;
			productName = FirebaseFirestore;
		};
/* End XCSwiftPackageProductDependency section */
	};
	rootObject = CBE2A0A32EE02AC200E6BD81 /* Project object */;
}
